{
  "name": "anything-llm",
  "version": "0.2.0",
  "lockfileVersion": 3,
  "requires": true,
  "packages": {
    "": {
      "name": "anything-llm",
      "version": "0.2.0",
      "license": "MIT",
      "dependencies": {
        "@azure/msal-browser": "^3.27.0",
        "buffer-xor": "^2.0.2"
      },
      "engines": {
        "node": ">=18"
      }
    },
    "node_modules/@azure/msal-browser": {
      "version": "3.28.0",
      "resolved": "https://registry.npmjs.org/@azure/msal-browser/-/msal-browser-3.28.0.tgz",
      "integrity": "sha512-1c1qUF6vB52mWlyoMem4xR1gdwiQWYEQB2uhDkbAL4wVJr8WmAcXybc1Qs33y19N4BdPI8/DHI7rPE8L5jMtWw==",
      "license": "MIT",
      "dependencies": {
        "@azure/msal-common": "14.16.0"
      },
      "engines": {
        "node": ">=0.8.0"
      }
    },
    "node_modules/@azure/msal-common": {
      "version": "14.16.0",
      "resolved": "https://registry.npmjs.org/@azure/msal-common/-/msal-common-14.16.0.tgz",
      "integrity": "sha512-1KOZj9IpcDSwpNiQNjt0jDYZpQvNZay7QAEi/5DLubay40iGYtLzya/jbjRPLyOTZhEKyL1MzPuw2HqBCjceYA==",
      "license": "MIT",
      "engines": {
        "node": ">=0.8.0"
      }
    },
    "node_modules/buffer-xor": {
      "version": "2.0.2",
      "resolved": "https://registry.npmjs.org/buffer-xor/-/buffer-xor-2.0.2.tgz",
      "integrity": "sha512-eHslX0bin3GB+Lx2p7lEYRShRewuNZL3fUl4qlVJGGiwoPGftmt8JQgk2Y9Ji5/01TnVDo33E5b5O3vUB1HdqQ==",
      "license": "MIT",
      "dependencies": {
        "safe-buffer": "^5.1.1"
      }
    },
    "node_modules/safe-buffer": {
      "version": "5.2.1",
      "resolved": "https://registry.npmjs.org/safe-buffer/-/safe-buffer-5.2.1.tgz",
      "integrity": "sha512-rp3So07KcdmmKbGvgaNxQSJr7bGVSVk5S9Eq1F+ppbRo70+YeaDxkw5Dd8NPN+GD6bjnYm2VuPuCXmpuYvmCXQ==",
      "funding": [
        {
          "type": "github",
          "url": "https://github.com/sponsors/feross"
        },
        {
          "type": "patreon",
          "url": "https://www.patreon.com/feross"
        },
        {
          "type": "consulting",
          "url": "https://feross.org/support"
        }
      ],
      "license": "MIT"
    }
  }
}
